
Microsoft Visual Studio Solution File, Format Version 12.00
# Visual Studio Version 17
VisualStudioVersion = 17.1.32228.430
MinimumVisualStudioVersion = 10.0.40219.1
Project("{FAE04EC0-301F-11D3-BF4B-00C04F79EFBC}") = "SistemaDeEmprestimos", "SistemaDeEmprestimos\SistemaDeEmprestimos.csproj", "{36B8677D-E5E1-4CAC-B245-B2922F0D55DF}"
EndProject
Global
	GlobalSection(SolutionConfigurationPlatforms) = preSolution
		Debug|Any CPU = Debug|Any CPU
		Release|Any CPU = Release|Any CPU
	EndGlobalSection
	GlobalSection(ProjectConfigurationPlatforms) = postSolution
		{36B8677D-E5E1-4CAC-B245-B2922F0D55DF}.Debug|Any CPU.ActiveCfg = Debug|Any CPU
		{36B8677D-E5E1-4CAC-B245-B2922F0D55DF}.Debug|Any CPU.Build.0 = Debug|Any CPU
		{36B8677D-E5E1-4CAC-B245-B2922F0D55DF}.Release|Any CPU.ActiveCfg = Release|Any CPU
		{36B8677D-E5E1-4CAC-B245-B2922F0D55DF}.Release|Any CPU.Build.0 = Release|Any CPU
	EndGlobalSection
	GlobalSection(SolutionProperties) = preSolution
		HideSolutionNode = FALSE
	EndGlobalSection
	GlobalSection(ExtensibilityGlobals) = postSolution
		SolutionGuid = {38741414-DD9C-40FE-9DB9-EB6FEC71CCE6}
	EndGlobalSection
EndGlobal
